
Microsoft Visual Studio Solution File, Format Version 12.00
# Visual Studio Version 17
VisualStudioVersion = 17.6.33723.286
MinimumVisualStudioVersion = 10.0.40219.1
Project("{FAE04EC0-301F-11D3-BF4B-00C04F79EFBC}") = "Exemplo", "Prototype\Exemplo.csproj", "{BD84A8A3-89DC-4ADE-8BD1-0650BD7B94A3}"
EndProject
Project("{FAE04EC0-301F-11D3-BF4B-00C04F79EFBC}") = "Exemplo1", "Exemplo1\Exemplo1.csproj", "{31AB9C0A-1BF8-4676-A2AF-9F7058E69883}"
EndProject
Global
	GlobalSection(SolutionConfigurationPlatforms) = preSolution
		Debug|Any CPU = Debug|Any CPU
		Release|Any CPU = Release|Any CPU
	EndGlobalSection
	GlobalSection(ProjectConfigurationPlatforms) = postSolution
		{BD84A8A3-89DC-4ADE-8BD1-0650BD7B94A3}.Debug|Any CPU.ActiveCfg = Debug|Any CPU
		{BD84A8A3-89DC-4ADE-8BD1-0650BD7B94A3}.Debug|Any CPU.Build.0 = Debug|Any CPU
		{BD84A8A3-89DC-4ADE-8BD1-0650BD7B94A3}.Release|Any CPU.ActiveCfg = Release|Any CPU
		{BD84A8A3-89DC-4ADE-8BD1-0650BD7B94A3}.Release|Any CPU.Build.0 = Release|Any CPU
		{31AB9C0A-1BF8-4676-A2AF-9F7058E69883}.Debug|Any CPU.ActiveCfg = Debug|Any CPU
		{31AB9C0A-1BF8-4676-A2AF-9F7058E69883}.Debug|Any CPU.Build.0 = Debug|Any CPU
		{31AB9C0A-1BF8-4676-A2AF-9F7058E69883}.Release|Any CPU.ActiveCfg = Release|Any CPU
		{31AB9C0A-1BF8-4676-A2AF-9F7058E69883}.Release|Any CPU.Build.0 = Release|Any CPU
	EndGlobalSection
	GlobalSection(SolutionProperties) = preSolution
		HideSolutionNode = FALSE
	EndGlobalSection
	GlobalSection(ExtensibilityGlobals) = postSolution
		SolutionGuid = {2AE84A8B-2615-438B-9C7E-5C32BCFFF773}
	EndGlobalSection
EndGlobal
