
Microsoft Visual Studio Solution File, Format Version 12.00
# Visual Studio Version 17
VisualStudioVersion = 17.6.33723.286
MinimumVisualStudioVersion = 10.0.40219.1
Project("{FAE04EC0-301F-11D3-BF4B-00C04F79EFBC}") = "Polimorfismo", "Polimorfismo\Polimorfismo.csproj", "{F6C9907D-BC4D-40A5-BD8A-9C4686A9C34E}"
EndProject
Global
	GlobalSection(SolutionConfigurationPlatforms) = preSolution
		Debug|Any CPU = Debug|Any CPU
		Release|Any CPU = Release|Any CPU
	EndGlobalSection
	GlobalSection(ProjectConfigurationPlatforms) = postSolution
		{F6C9907D-BC4D-40A5-BD8A-9C4686A9C34E}.Debug|Any CPU.ActiveCfg = Debug|Any CPU
		{F6C9907D-BC4D-40A5-BD8A-9C4686A9C34E}.Debug|Any CPU.Build.0 = Debug|Any CPU
		{F6C9907D-BC4D-40A5-BD8A-9C4686A9C34E}.Release|Any CPU.ActiveCfg = Release|Any CPU
		{F6C9907D-BC4D-40A5-BD8A-9C4686A9C34E}.Release|Any CPU.Build.0 = Release|Any CPU
	EndGlobalSection
	GlobalSection(SolutionProperties) = preSolution
		HideSolutionNode = FALSE
	EndGlobalSection
	GlobalSection(ExtensibilityGlobals) = postSolution
		SolutionGuid = {E0FC04EE-09C6-422A-B96B-EF6F444A0F11}
	EndGlobalSection
EndGlobal
